// !$*UTF8*$!
{
	archiveVersion = 1;
	classes = {
	};
	objectVersion = 46;
	objects = {

/* Begin PBXBuildFile section */
		23E3B71D09CD2A290362449F /* libPods.a in Frameworks */ = {isa = PBXBuildFile; fileRef = 76ADA13671A109BA53D0E2DC /* libPods.a */; };
		B319550C1A96E349000716EE /* UberEndpoints.m in Sources */ = {isa = PBXBuildFile; fileRef = B319550B1A96E349000716EE /* UberEndpoints.m */; };
		B31955131A970880000716EE /* PriceEstimate.m in Sources */ = {isa = PBXBuildFile; fileRef = B31955121A970880000716EE /* PriceEstimate.m */; };
		B360D2E21AA478C000F6E05B /* TimeEstimate.m in Sources */ = {isa = PBXBuildFile; fileRef = B360D2E11AA478C000F6E05B /* TimeEstimate.m */; };
		B360D2E61AA47AC700F6E05B /* SummaryViewController.m in Sources */ = {isa = PBXBuildFile; fileRef = B360D2E41AA47AC700F6E05B /* SummaryViewController.m */; };
		B360D2E71AA47AC700F6E05B /* SummaryViewController.xib in Resources */ = {isa = PBXBuildFile; fileRef = B360D2E51AA47AC700F6E05B /* SummaryViewController.xib */; };
		B3FA6D331A9611350028226E /* main.m in Sources */ = {isa = PBXBuildFile; fileRef = B3FA6D321A9611350028226E /* main.m */; };
		B3FA6D361A9611350028226E /* AppDelegate.m in Sources */ = {isa = PBXBuildFile; fileRef = B3FA6D351A9611350028226E /* AppDelegate.m */; };
		B3FA6D3C1A9611350028226E /* Main.storyboard in Resources */ = {isa = PBXBuildFile; fileRef = B3FA6D3A1A9611350028226E /* Main.storyboard */; };
		B3FA6D3E1A9611350028226E /* Images.xcassets in Resources */ = {isa = PBXBuildFile; fileRef = B3FA6D3D1A9611350028226E /* Images.xcassets */; };
		B3FA6D411A9611350028226E /* LaunchScreen.xib in Resources */ = {isa = PBXBuildFile; fileRef = B3FA6D3F1A9611350028226E /* LaunchScreen.xib */; };
		B3FA6D4D1A9611350028226E /* SimpleUberAppTests.m in Sources */ = {isa = PBXBuildFile; fileRef = B3FA6D4C1A9611350028226E /* SimpleUberAppTests.m */; };
		B3FA6D671A9613350028226E /* PriceEstimatesVC.m in Sources */ = {isa = PBXBuildFile; fileRef = B3FA6D621A9613350028226E /* PriceEstimatesVC.m */; };
		B3FA6D681A9613350028226E /* PriceEstimatesVC.xib in Resources */ = {isa = PBXBuildFile; fileRef = B3FA6D631A9613350028226E /* PriceEstimatesVC.xib */; };
		B3FA6D691A9613350028226E /* UberDeeplinkVC.m in Sources */ = {isa = PBXBuildFile; fileRef = B3FA6D651A9613350028226E /* UberDeeplinkVC.m */; };
		B3FA6D6A1A9613350028226E /* UberDeeplinkVC.xib in Resources */ = {isa = PBXBuildFile; fileRef = B3FA6D661A9613350028226E /* UberDeeplinkVC.xib */; };
		B3FA6D741A96151F0028226E /* UberDeeplinking.m in Sources */ = {isa = PBXBuildFile; fileRef = B3FA6D731A96151F0028226E /* UberDeeplinking.m */; };
		B3FA6D771A961AE80028226E /* NSDictionary+URLParameters.m in Sources */ = {isa = PBXBuildFile; fileRef = B3FA6D761A961AE80028226E /* NSDictionary+URLParameters.m */; };
		B3FA6D7A1A961E000028226E /* NSMutableDictionary+ExtraMethods.m in Sources */ = {isa = PBXBuildFile; fileRef = B3FA6D791A961E000028226E /* NSMutableDictionary+ExtraMethods.m */; };
/* End PBXBuildFile section */

/* Begin PBXContainerItemProxy section */
		B3FA6D471A9611350028226E /* PBXContainerItemProxy */ = {
			isa = PBXContainerItemProxy;
			containerPortal = B3FA6D251A9611350028226E /* Project object */;
			proxyType = 1;
			remoteGlobalIDString = B3FA6D2C1A9611350028226E;
			remoteInfo = SimpleUberApp;
		};
/* End PBXContainerItemProxy section */

/* Begin PBXFileReference section */
		76ADA13671A109BA53D0E2DC /* libPods.a */ = {isa = PBXFileReference; explicitFileType = archive.ar; includeInIndex = 0; path = libPods.a; sourceTree = BUILT_PRODUCTS_DIR; };
		B319550A1A96E349000716EE /* UberEndpoints.h */ = {isa = PBXFileReference; fileEncoding = 4; lastKnownFileType = sourcecode.c.h; path = UberEndpoints.h; sourceTree = "<group>"; };
		B319550B1A96E349000716EE /* UberEndpoints.m */ = {isa = PBXFileReference; fileEncoding = 4; lastKnownFileType = sourcecode.c.objc; path = UberEndpoints.m; sourceTree = "<group>"; };
		B31955111A970880000716EE /* PriceEstimate.h */ = {isa = PBXFileReference; fileEncoding = 4; lastKnownFileType = sourcecode.c.h; path = PriceEstimate.h; sourceTree = "<group>"; };
		B31955121A970880000716EE /* PriceEstimate.m */ = {isa = PBXFileReference; fileEncoding = 4; lastKnownFileType = sourcecode.c.objc; path = PriceEstimate.m; sourceTree = "<group>"; };
		B360D2E01AA478C000F6E05B /* TimeEstimate.h */ = {isa = PBXFileReference; fileEncoding = 4; lastKnownFileType = sourcecode.c.h; path = TimeEstimate.h; sourceTree = "<group>"; };
		B360D2E11AA478C000F6E05B /* TimeEstimate.m */ = {isa = PBXFileReference; fileEncoding = 4; lastKnownFileType = sourcecode.c.objc; path = TimeEstimate.m; sourceTree = "<group>"; };
		B360D2E31AA47AC700F6E05B /* SummaryViewController.h */ = {isa = PBXFileReference; fileEncoding = 4; lastKnownFileType = sourcecode.c.h; path = SummaryViewController.h; sourceTree = "<group>"; };
		B360D2E41AA47AC700F6E05B /* SummaryViewController.m */ = {isa = PBXFileReference; fileEncoding = 4; lastKnownFileType = sourcecode.c.objc; path = SummaryViewController.m; sourceTree = "<group>"; };
		B360D2E51AA47AC700F6E05B /* SummaryViewController.xib */ = {isa = PBXFileReference; fileEncoding = 4; lastKnownFileType = file.xib; path = SummaryViewController.xib; sourceTree = "<group>"; };
		B3FA6D2D1A9611350028226E /* SimpleUberApp.app */ = {isa = PBXFileReference; explicitFileType = wrapper.application; includeInIndex = 0; path = SimpleUberApp.app; sourceTree = BUILT_PRODUCTS_DIR; };
		B3FA6D311A9611350028226E /* Info.plist */ = {isa = PBXFileReference; lastKnownFileType = text.plist.xml; path = Info.plist; sourceTree = "<group>"; };
		B3FA6D321A9611350028226E /* main.m */ = {isa = PBXFileReference; lastKnownFileType = sourcecode.c.objc; path = main.m; sourceTree = "<group>"; };
		B3FA6D341A9611350028226E /* AppDelegate.h */ = {isa = PBXFileReference; lastKnownFileType = sourcecode.c.h; path = AppDelegate.h; sourceTree = "<group>"; };
		B3FA6D351A9611350028226E /* AppDelegate.m */ = {isa = PBXFileReference; lastKnownFileType = sourcecode.c.objc; path = AppDelegate.m; sourceTree = "<group>"; };
		B3FA6D3B1A9611350028226E /* Base */ = {isa = PBXFileReference; lastKnownFileType = file.storyboard; name = Base; path = Base.lproj/Main.storyboard; sourceTree = "<group>"; };
		B3FA6D3D1A9611350028226E /* Images.xcassets */ = {isa = PBXFileReference; lastKnownFileType = folder.assetcatalog; path = Images.xcassets; sourceTree = "<group>"; };
		B3FA6D401A9611350028226E /* Base */ = {isa = PBXFileReference; lastKnownFileType = file.xib; name = Base; path = Base.lproj/LaunchScreen.xib; sourceTree = "<group>"; };
		B3FA6D461A9611350028226E /* SimpleUberAppTests.xctest */ = {isa = PBXFileReference; explicitFileType = wrapper.cfbundle; includeInIndex = 0; path = SimpleUberAppTests.xctest; sourceTree = BUILT_PRODUCTS_DIR; };
		B3FA6D4B1A9611350028226E /* Info.plist */ = {isa = PBXFileReference; lastKnownFileType = text.plist.xml; path = Info.plist; sourceTree = "<group>"; };
		B3FA6D4C1A9611350028226E /* SimpleUberAppTests.m */ = {isa = PBXFileReference; lastKnownFileType = sourcecode.c.objc; path = SimpleUberAppTests.m; sourceTree = "<group>"; };
		B3FA6D611A9613350028226E /* PriceEstimatesVC.h */ = {isa = PBXFileReference; fileEncoding = 4; lastKnownFileType = sourcecode.c.h; path = PriceEstimatesVC.h; sourceTree = "<group>"; };
		B3FA6D621A9613350028226E /* PriceEstimatesVC.m */ = {isa = PBXFileReference; fileEncoding = 4; lastKnownFileType = sourcecode.c.objc; path = PriceEstimatesVC.m; sourceTree = "<group>"; };
		B3FA6D631A9613350028226E /* PriceEstimatesVC.xib */ = {isa = PBXFileReference; fileEncoding = 4; lastKnownFileType = file.xib; path = PriceEstimatesVC.xib; sourceTree = "<group>"; };
		B3FA6D641A9613350028226E /* UberDeeplinkVC.h */ = {isa = PBXFileReference; fileEncoding = 4; lastKnownFileType = sourcecode.c.h; path = UberDeeplinkVC.h; sourceTree = "<group>"; };
		B3FA6D651A9613350028226E /* UberDeeplinkVC.m */ = {isa = PBXFileReference; fileEncoding = 4; lastKnownFileType = sourcecode.c.objc; path = UberDeeplinkVC.m; sourceTree = "<group>"; };
		B3FA6D661A9613350028226E /* UberDeeplinkVC.xib */ = {isa = PBXFileReference; fileEncoding = 4; lastKnownFileType = file.xib; path = UberDeeplinkVC.xib; sourceTree = "<group>"; };
		B3FA6D721A96151F0028226E /* UberDeeplinking.h */ = {isa = PBXFileReference; fileEncoding = 4; lastKnownFileType = sourcecode.c.h; path = UberDeeplinking.h; sourceTree = "<group>"; };
		B3FA6D731A96151F0028226E /* UberDeeplinking.m */ = {isa = PBXFileReference; fileEncoding = 4; lastKnownFileType = sourcecode.c.objc; path = UberDeeplinking.m; sourceTree = "<group>"; };
		B3FA6D751A961AE80028226E /* NSDictionary+URLParameters.h */ = {isa = PBXFileReference; fileEncoding = 4; lastKnownFileType = sourcecode.c.h; path = "NSDictionary+URLParameters.h"; sourceTree = "<group>"; };
		B3FA6D761A961AE80028226E /* NSDictionary+URLParameters.m */ = {isa = PBXFileReference; fileEncoding = 4; lastKnownFileType = sourcecode.c.objc; path = "NSDictionary+URLParameters.m"; sourceTree = "<group>"; };
		B3FA6D781A961E000028226E /* NSMutableDictionary+ExtraMethods.h */ = {isa = PBXFileReference; fileEncoding = 4; lastKnownFileType = sourcecode.c.h; path = "NSMutableDictionary+ExtraMethods.h"; sourceTree = "<group>"; };
		B3FA6D791A961E000028226E /* NSMutableDictionary+ExtraMethods.m */ = {isa = PBXFileReference; fileEncoding = 4; lastKnownFileType = sourcecode.c.objc; path = "NSMutableDictionary+ExtraMethods.m"; sourceTree = "<group>"; };
		DF32BDFEAEDECE54307CAF3D /* Pods.release.xcconfig */ = {isa = PBXFileReference; includeInIndex = 1; lastKnownFileType = text.xcconfig; name = Pods.release.xcconfig; path = "Pods/Target Support Files/Pods/Pods.release.xcconfig"; sourceTree = "<group>"; };
		FE925970E2916560BB2EDCE3 /* Pods.debug.xcconfig */ = {isa = PBXFileReference; includeInIndex = 1; lastKnownFileType = text.xcconfig; name = Pods.debug.xcconfig; path = "Pods/Target Support Files/Pods/Pods.debug.xcconfig"; sourceTree = "<group>"; };
/* End PBXFileReference section */

/* Begin PBXFrameworksBuildPhase section */
		B3FA6D2A1A9611350028226E /* Frameworks */ = {
			isa = PBXFrameworksBuildPhase;
			buildActionMask = 2147483647;
			files = (
				23E3B71D09CD2A290362449F /* libPods.a in Frameworks */,
			);
			runOnlyForDeploymentPostprocessing = 0;
		};
		B3FA6D431A9611350028226E /* Frameworks */ = {
			isa = PBXFrameworksBuildPhase;
			buildActionMask = 2147483647;
			files = (
			);
			runOnlyForDeploymentPostprocessing = 0;
		};
/* End PBXFrameworksBuildPhase section */

/* Begin PBXGroup section */
		27FCCC4036557D400923403E /* Pods */ = {
			isa = PBXGroup;
			children = (
				FE925970E2916560BB2EDCE3 /* Pods.debug.xcconfig */,
				DF32BDFEAEDECE54307CAF3D /* Pods.release.xcconfig */,
			);
			name = Pods;
			sourceTree = "<group>";
		};
		6375E51FA1A93D82CB3BD3D4 /* Frameworks */ = {
			isa = PBXGroup;
			children = (
				76ADA13671A109BA53D0E2DC /* libPods.a */,
			);
			name = Frameworks;
			sourceTree = "<group>";
		};
		B3FA6D241A9611350028226E = {
			isa = PBXGroup;
			children = (
				B3FA6D2F1A9611350028226E /* SimpleUberApp */,
				B3FA6D491A9611350028226E /* SimpleUberAppTests */,
				B3FA6D2E1A9611350028226E /* Products */,
				27FCCC4036557D400923403E /* Pods */,
				6375E51FA1A93D82CB3BD3D4 /* Frameworks */,
			);
			sourceTree = "<group>";
		};
		B3FA6D2E1A9611350028226E /* Products */ = {
			isa = PBXGroup;
			children = (
				B3FA6D2D1A9611350028226E /* SimpleUberApp.app */,
				B3FA6D461A9611350028226E /* SimpleUberAppTests.xctest */,
			);
			name = Products;
			sourceTree = "<group>";
		};
		B3FA6D2F1A9611350028226E /* SimpleUberApp */ = {
			isa = PBXGroup;
			children = (
				B3FA6D711A96151F0028226E /* simple-uber */,
				B3FA6D601A9613350028226E /* View Controllers */,
				B3FA6D341A9611350028226E /* AppDelegate.h */,
				B3FA6D351A9611350028226E /* AppDelegate.m */,
				B3FA6D3A1A9611350028226E /* Main.storyboard */,
				B3FA6D3D1A9611350028226E /* Images.xcassets */,
				B3FA6D3F1A9611350028226E /* LaunchScreen.xib */,
				B3FA6D301A9611350028226E /* Supporting Files */,
			);
			path = SimpleUberApp;
			sourceTree = "<group>";
		};
		B3FA6D301A9611350028226E /* Supporting Files */ = {
			isa = PBXGroup;
			children = (
				B3FA6D311A9611350028226E /* Info.plist */,
				B3FA6D321A9611350028226E /* main.m */,
			);
			name = "Supporting Files";
			sourceTree = "<group>";
		};
		B3FA6D491A9611350028226E /* SimpleUberAppTests */ = {
			isa = PBXGroup;
			children = (
				B3FA6D4C1A9611350028226E /* SimpleUberAppTests.m */,
				B3FA6D4A1A9611350028226E /* Supporting Files */,
			);
			path = SimpleUberAppTests;
			sourceTree = "<group>";
		};
		B3FA6D4A1A9611350028226E /* Supporting Files */ = {
			isa = PBXGroup;
			children = (
				B3FA6D4B1A9611350028226E /* Info.plist */,
			);
			name = "Supporting Files";
			sourceTree = "<group>";
		};
		B3FA6D601A9613350028226E /* View Controllers */ = {
			isa = PBXGroup;
			children = (
				B3FA6D611A9613350028226E /* PriceEstimatesVC.h */,
				B3FA6D621A9613350028226E /* PriceEstimatesVC.m */,
				B3FA6D631A9613350028226E /* PriceEstimatesVC.xib */,
				B3FA6D641A9613350028226E /* UberDeeplinkVC.h */,
				B3FA6D651A9613350028226E /* UberDeeplinkVC.m */,
				B3FA6D661A9613350028226E /* UberDeeplinkVC.xib */,
				B360D2E31AA47AC700F6E05B /* SummaryViewController.h */,
				B360D2E41AA47AC700F6E05B /* SummaryViewController.m */,
				B360D2E51AA47AC700F6E05B /* SummaryViewController.xib */,
			);
			path = "View Controllers";
			sourceTree = "<group>";
		};
		B3FA6D711A96151F0028226E /* simple-uber */ = {
			isa = PBXGroup;
			children = (
				B3FA6D721A96151F0028226E /* UberDeeplinking.h */,
				B3FA6D731A96151F0028226E /* UberDeeplinking.m */,
				B3FA6D751A961AE80028226E /* NSDictionary+URLParameters.h */,
				B3FA6D761A961AE80028226E /* NSDictionary+URLParameters.m */,
				B3FA6D781A961E000028226E /* NSMutableDictionary+ExtraMethods.h */,
				B3FA6D791A961E000028226E /* NSMutableDictionary+ExtraMethods.m */,
				B319550A1A96E349000716EE /* UberEndpoints.h */,
				B319550B1A96E349000716EE /* UberEndpoints.m */,
				B31955111A970880000716EE /* PriceEstimate.h */,
				B31955121A970880000716EE /* PriceEstimate.m */,
				B360D2E01AA478C000F6E05B /* TimeEstimate.h */,
				B360D2E11AA478C000F6E05B /* TimeEstimate.m */,
			);
			path = "simple-uber";
			sourceTree = SOURCE_ROOT;
		};
/* End PBXGroup section */

/* Begin PBXNativeTarget section */
		B3FA6D2C1A9611350028226E /* SimpleUberApp */ = {
			isa = PBXNativeTarget;
			buildConfigurationList = B3FA6D501A9611350028226E /* Build configuration list for PBXNativeTarget "SimpleUberApp" */;
			buildPhases = (
				513A60668C238FFE9B81700A /* Check Pods Manifest.lock */,
				B3FA6D291A9611350028226E /* Sources */,
				B3FA6D2A1A9611350028226E /* Frameworks */,
				B3FA6D2B1A9611350028226E /* Resources */,
				5C5C212E301184669BCA61F5 /* Copy Pods Resources */,
			);
			buildRules = (
			);
			dependencies = (
			);
			name = SimpleUberApp;
			productName = SimpleUberApp;
			productReference = B3FA6D2D1A9611350028226E /* SimpleUberApp.app */;
			productType = "com.apple.product-type.application";
		};
		B3FA6D451A9611350028226E /* SimpleUberAppTests */ = {
			isa = PBXNativeTarget;
			buildConfigurationList = B3FA6D531A9611350028226E /* Build configuration list for PBXNativeTarget "SimpleUberAppTests" */;
			buildPhases = (
				B3FA6D421A9611350028226E /* Sources */,
				B3FA6D431A9611350028226E /* Frameworks */,
				B3FA6D441A9611350028226E /* Resources */,
			);
			buildRules = (
			);
			dependencies = (
				B3FA6D481A9611350028226E /* PBXTargetDependency */,
			);
			name = SimpleUberAppTests;
			productName = SimpleUberAppTests;
			productReference = B3FA6D461A9611350028226E /* SimpleUberAppTests.xctest */;
			productType = "com.apple.product-type.bundle.unit-test";
		};
/* End PBXNativeTarget section */

/* Begin PBXProject section */
		B3FA6D251A9611350028226E /* Project object */ = {
			isa = PBXProject;
			attributes = {
				LastUpgradeCheck = 0610;
				ORGANIZATIONNAME = "Leo Angelo Quigao";
				TargetAttributes = {
					B3FA6D2C1A9611350028226E = {
						CreatedOnToolsVersion = 6.1.1;
					};
					B3FA6D451A9611350028226E = {
						CreatedOnToolsVersion = 6.1.1;
						TestTargetID = B3FA6D2C1A9611350028226E;
					};
				};
			};
			buildConfigurationList = B3FA6D281A9611350028226E /* Build configuration list for PBXProject "SimpleUberApp" */;
			compatibilityVersion = "Xcode 3.2";
			developmentRegion = English;
			hasScannedForEncodings = 0;
			knownRegions = (
				en,
				Base,
			);
			mainGroup = B3FA6D241A9611350028226E;
			productRefGroup = B3FA6D2E1A9611350028226E /* Products */;
			projectDirPath = "";
			projectRoot = "";
			targets = (
				B3FA6D2C1A9611350028226E /* SimpleUberApp */,
				B3FA6D451A9611350028226E /* SimpleUberAppTests */,
			);
		};
/* End PBXProject section */

/* Begin PBXResourcesBuildPhase section */
		B3FA6D2B1A9611350028226E /* Resources */ = {
			isa = PBXResourcesBuildPhase;
			buildActionMask = 2147483647;
			files = (
				B3FA6D681A9613350028226E /* PriceEstimatesVC.xib in Resources */,
				B3FA6D3C1A9611350028226E /* Main.storyboard in Resources */,
				B3FA6D411A9611350028226E /* LaunchScreen.xib in Resources */,
				B360D2E71AA47AC700F6E05B /* SummaryViewController.xib in Resources */,
				B3FA6D3E1A9611350028226E /* Images.xcassets in Resources */,
				B3FA6D6A1A9613350028226E /* UberDeeplinkVC.xib in Resources */,
			);
			runOnlyForDeploymentPostprocessing = 0;
		};
		B3FA6D441A9611350028226E /* Resources */ = {
			isa = PBXResourcesBuildPhase;
			buildActionMask = 2147483647;
			files = (
			);
			runOnlyForDeploymentPostprocessing = 0;
		};
/* End PBXResourcesBuildPhase section */

/* Begin PBXShellScriptBuildPhase section */
		513A60668C238FFE9B81700A /* Check Pods Manifest.lock */ = {
			isa = PBXShellScriptBuildPhase;
			buildActionMask = 2147483647;
			files = (
			);
			inputPaths = (
			);
			name = "Check Pods Manifest.lock";
			outputPaths = (
			);
			runOnlyForDeploymentPostprocessing = 0;
			shellPath = /bin/sh;
			shellScript = "diff \"${PODS_ROOT}/../Podfile.lock\" \"${PODS_ROOT}/Manifest.lock\" > /dev/null\nif [[ $? != 0 ]] ; then\n    cat << EOM\nerror: The sandbox is not in sync with the Podfile.lock. Run 'pod install' or update your CocoaPods installation.\nEOM\n    exit 1\nfi\n";
			showEnvVarsInLog = 0;
		};
		5C5C212E301184669BCA61F5 /* Copy Pods Resources */ = {
			isa = PBXShellScriptBuildPhase;
			buildActionMask = 2147483647;
			files = (
			);
			inputPaths = (
			);
			name = "Copy Pods Resources";
			outputPaths = (
			);
			runOnlyForDeploymentPostprocessing = 0;
			shellPath = /bin/sh;
			shellScript = "\"${SRCROOT}/Pods/Target Support Files/Pods/Pods-resources.sh\"\n";
			showEnvVarsInLog = 0;
		};
/* End PBXShellScriptBuildPhase section */

/* Begin PBXSourcesBuildPhase section */
		B3FA6D291A9611350028226E /* Sources */ = {
			isa = PBXSourcesBuildPhase;
			buildActionMask = 2147483647;
			files = (
				B3FA6D741A96151F0028226E /* UberDeeplinking.m in Sources */,
				B3FA6D671A9613350028226E /* PriceEstimatesVC.m in Sources */,
				B360D2E21AA478C000F6E05B /* TimeEstimate.m in Sources */,
				B3FA6D771A961AE80028226E /* NSDictionary+URLParameters.m in Sources */,
				B3FA6D691A9613350028226E /* UberDeeplinkVC.m in Sources */,
				B319550C1A96E349000716EE /* UberEndpoints.m in Sources */,
				B3FA6D361A9611350028226E /* AppDelegate.m in Sources */,
				B360D2E61AA47AC700F6E05B /* SummaryViewController.m in Sources */,
				B3FA6D331A9611350028226E /* main.m in Sources */,
				B31955131A970880000716EE /* PriceEstimate.m in Sources */,
				B3FA6D7A1A961E000028226E /* NSMutableDictionary+ExtraMethods.m in Sources */,
			);
			runOnlyForDeploymentPostprocessing = 0;
		};
		B3FA6D421A9611350028226E /* Sources */ = {
			isa = PBXSourcesBuildPhase;
			buildActionMask = 2147483647;
			files = (
				B3FA6D4D1A9611350028226E /* SimpleUberAppTests.m in Sources */,
			);
			runOnlyForDeploymentPostprocessing = 0;
		};
/* End PBXSourcesBuildPhase section */

/* Begin PBXTargetDependency section */
		B3FA6D481A9611350028226E /* PBXTargetDependency */ = {
			isa = PBXTargetDependency;
			target = B3FA6D2C1A9611350028226E /* SimpleUberApp */;
			targetProxy = B3FA6D471A9611350028226E /* PBXContainerItemProxy */;
		};
/* End PBXTargetDependency section */

/* Begin PBXVariantGroup section */
		B3FA6D3A1A9611350028226E /* Main.storyboard */ = {
			isa = PBXVariantGroup;
			children = (
				B3FA6D3B1A9611350028226E /* Base */,
			);
			name = Main.storyboard;
			sourceTree = "<group>";
		};
		B3FA6D3F1A9611350028226E /* LaunchScreen.xib */ = {
			isa = PBXVariantGroup;
			children = (
				B3FA6D401A9611350028226E /* Base */,
			);
			name = LaunchScreen.xib;
			sourceTree = "<group>";
		};
/* End PBXVariantGroup section */

/* Begin XCBuildConfiguration section */
		B3FA6D4E1A9611350028226E /* Debug */ = {
			isa = XCBuildConfiguration;
			buildSettings = {
				ALWAYS_SEARCH_USER_PATHS = NO;
				CLANG_CXX_LANGUAGE_STANDARD = "gnu++0x";
				CLANG_CXX_LIBRARY = "libc++";
				CLANG_ENABLE_MODULES = YES;
				CLANG_ENABLE_OBJC_ARC = YES;
				CLANG_WARN_BOOL_CONVERSION = YES;
				CLANG_WARN_CONSTANT_CONVERSION = YES;
				CLANG_WARN_DIRECT_OBJC_ISA_USAGE = YES_ERROR;
				CLANG_WARN_EMPTY_BODY = YES;
				CLANG_WARN_ENUM_CONVERSION = YES;
				CLANG_WARN_INT_CONVERSION = YES;
				CLANG_WARN_OBJC_ROOT_CLASS = YES_ERROR;
				CLANG_WARN_UNREACHABLE_CODE = YES;
				CLANG_WARN__DUPLICATE_METHOD_MATCH = YES;
				"CODE_SIGN_IDENTITY[sdk=iphoneos*]" = "iPhone Developer";
				COPY_PHASE_STRIP = NO;
				ENABLE_STRICT_OBJC_MSGSEND = YES;
				GCC_C_LANGUAGE_STANDARD = gnu99;
				GCC_DYNAMIC_NO_PIC = NO;
				GCC_OPTIMIZATION_LEVEL = 0;
				GCC_PREPROCESSOR_DEFINITIONS = (
					"DEBUG=1",
					"$(inherited)",
				);
				GCC_SYMBOLS_PRIVATE_EXTERN = NO;
				GCC_WARN_64_TO_32_BIT_CONVERSION = YES;
				GCC_WARN_ABOUT_RETURN_TYPE = YES_ERROR;
				GCC_WARN_UNDECLARED_SELECTOR = YES;
				GCC_WARN_UNINITIALIZED_AUTOS = YES_AGGRESSIVE;
				GCC_WARN_UNUSED_FUNCTION = YES;
				GCC_WARN_UNUSED_VARIABLE = YES;
				IPHONEOS_DEPLOYMENT_TARGET = 8.1;
				MTL_ENABLE_DEBUG_INFO = YES;
				ONLY_ACTIVE_ARCH = YES;
				SDKROOT = iphoneos;
			};
			name = Debug;
		};
		B3FA6D4F1A9611350028226E /* Release */ = {
			isa = XCBuildConfiguration;
			buildSettings = {
				ALWAYS_SEARCH_USER_PATHS = NO;
				CLANG_CXX_LANGUAGE_STANDARD = "gnu++0x";
				CLANG_CXX_LIBRARY = "libc++";
				CLANG_ENABLE_MODULES = YES;
				CLANG_ENABLE_OBJC_ARC = YES;
				CLANG_WARN_BOOL_CONVERSION = YES;
				CLANG_WARN_CONSTANT_CONVERSION = YES;
				CLANG_WARN_DIRECT_OBJC_ISA_USAGE = YES_ERROR;
				CLANG_WARN_EMPTY_BODY = YES;
				CLANG_WARN_ENUM_CONVERSION = YES;
				CLANG_WARN_INT_CONVERSION = YES;
				CLANG_WARN_OBJC_ROOT_CLASS = YES_ERROR;
				CLANG_WARN_UNREACHABLE_CODE = YES;
				CLANG_WARN__DUPLICATE_METHOD_MATCH = YES;
				"CODE_SIGN_IDENTITY[sdk=iphoneos*]" = "iPhone Developer";
				COPY_PHASE_STRIP = YES;
				ENABLE_NS_ASSERTIONS = NO;
				ENABLE_STRICT_OBJC_MSGSEND = YES;
				GCC_C_LANGUAGE_STANDARD = gnu99;
				GCC_WARN_64_TO_32_BIT_CONVERSION = YES;
				GCC_WARN_ABOUT_RETURN_TYPE = YES_ERROR;
				GCC_WARN_UNDECLARED_SELECTOR = YES;
				GCC_WARN_UNINITIALIZED_AUTOS = YES_AGGRESSIVE;
				GCC_WARN_UNUSED_FUNCTION = YES;
				GCC_WARN_UNUSED_VARIABLE = YES;
				IPHONEOS_DEPLOYMENT_TARGET = 8.1;
				MTL_ENABLE_DEBUG_INFO = NO;
				SDKROOT = iphoneos;
				VALIDATE_PRODUCT = YES;
			};
			name = Release;
		};
		B3FA6D511A9611350028226E /* Debug */ = {
			isa = XCBuildConfiguration;
			baseConfigurationReference = FE925970E2916560BB2EDCE3 /* Pods.debug.xcconfig */;
			buildSettings = {
				ASSETCATALOG_COMPILER_APPICON_NAME = AppIcon;
				INFOPLIST_FILE = SimpleUberApp/Info.plist;
				LD_RUNPATH_SEARCH_PATHS = "$(inherited) @executable_path/Frameworks";
				PRODUCT_NAME = "$(TARGET_NAME)";
			};
			name = Debug;
		};
		B3FA6D521A9611350028226E /* Release */ = {
			isa = XCBuildConfiguration;
			baseConfigurationReference = DF32BDFEAEDECE54307CAF3D /* Pods.release.xcconfig */;
			buildSettings = {
				ASSETCATALOG_COMPILER_APPICON_NAME = AppIcon;
				INFOPLIST_FILE = SimpleUberApp/Info.plist;
				LD_RUNPATH_SEARCH_PATHS = "$(inherited) @executable_path/Frameworks";
				PRODUCT_NAME = "$(TARGET_NAME)";
			};
			name = Release;
		};
		B3FA6D541A9611350028226E /* Debug */ = {
			isa = XCBuildConfiguration;
			buildSettings = {
				BUNDLE_LOADER = "$(TEST_HOST)";
				FRAMEWORK_SEARCH_PATHS = (
					"$(SDKROOT)/Developer/Library/Frameworks",
					"$(inherited)",
				);
				GCC_PREPROCESSOR_DEFINITIONS = (
					"DEBUG=1",
					"$(inherited)",
				);
				INFOPLIST_FILE = SimpleUberAppTests/Info.plist;
				LD_RUNPATH_SEARCH_PATHS = "$(inherited) @executable_path/Frameworks @loader_path/Frameworks";
				PRODUCT_NAME = "$(TARGET_NAME)";
				TEST_HOST = "$(BUILT_PRODUCTS_DIR)/SimpleUberApp.app/SimpleUberApp";
			};
			name = Debug;
		};
		B3FA6D551A9611350028226E /* Release */ = {
			isa = XCBuildConfiguration;
			buildSettings = {
				BUNDLE_LOADER = "$(TEST_HOST)";
				FRAMEWORK_SEARCH_PATHS = (
					"$(SDKROOT)/Developer/Library/Frameworks",
					"$(inherited)",
				);
				INFOPLIST_FILE = SimpleUberAppTests/Info.plist;
				LD_RUNPATH_SEARCH_PATHS = "$(inherited) @executable_path/Frameworks @loader_path/Frameworks";
				PRODUCT_NAME = "$(TARGET_NAME)";
				TEST_HOST = "$(BUILT_PRODUCTS_DIR)/SimpleUberApp.app/SimpleUberApp";
			};
			name = Release;
		};
/* End XCBuildConfiguration section */

/* Begin XCConfigurationList section */
		B3FA6D281A9611350028226E /* Build configuration list for PBXProject "SimpleUberApp" */ = {
			isa = XCConfigurationList;
			buildConfigurations = (
				B3FA6D4E1A9611350028226E /* Debug */,
				B3FA6D4F1A9611350028226E /* Release */,
			);
			defaultConfigurationIsVisible = 0;
			defaultConfigurationName = Release;
		};
		B3FA6D501A9611350028226E /* Build configuration list for PBXNativeTarget "SimpleUberApp" */ = {
			isa = XCConfigurationList;
			buildConfigurations = (
				B3FA6D511A9611350028226E /* Debug */,
				B3FA6D521A9611350028226E /* Release */,
			);
			defaultConfigurationIsVisible = 0;
			defaultConfigurationName = Release;
		};
		B3FA6D531A9611350028226E /* Build configuration list for PBXNativeTarget "SimpleUberAppTests" */ = {
			isa = XCConfigurationList;
			buildConfigurations = (
				B3FA6D541A9611350028226E /* Debug */,
				B3FA6D551A9611350028226E /* Release */,
			);
			defaultConfigurationIsVisible = 0;
			defaultConfigurationName = Release;
		};
/* End XCConfigurationList section */
	};
	rootObject = B3FA6D251A9611350028226E /* Project object */;
}
